
Microsoft Visual Studio Solution File, Format Version 12.00
# Visual Studio 15
VisualStudioVersion = 15.0.26430.6
MinimumVisualStudioVersion = 10.0.40219.1
Project("{FAE04EC0-301F-11D3-BF4B-00C04F79EFBC}") = "Calculadora", "Calculadora\Calculadora.csproj", "{D95545B9-89CE-4277-B389-272EA7EBAF9D}"
EndProject
Project("{FAE04EC0-301F-11D3-BF4B-00C04F79EFBC}") = "Calculadora.Tests", "Calculadora.Tests\Calculadora.Tests.csproj", "{9B837E35-4984-43F1-887F-565CD9AC9FE5}"
EndProject
Global
	GlobalSection(SolutionConfigurationPlatforms) = preSolution
		Debug|Any CPU = Debug|Any CPU
		Release|Any CPU = Release|Any CPU
	EndGlobalSection
	GlobalSection(ProjectConfigurationPlatforms) = postSolution
		{D95545B9-89CE-4277-B389-272EA7EBAF9D}.Debug|Any CPU.ActiveCfg = Debug|Any CPU
		{D95545B9-89CE-4277-B389-272EA7EBAF9D}.Debug|Any CPU.Build.0 = Debug|Any CPU
		{D95545B9-89CE-4277-B389-272EA7EBAF9D}.Release|Any CPU.ActiveCfg = Release|Any CPU
		{D95545B9-89CE-4277-B389-272EA7EBAF9D}.Release|Any CPU.Build.0 = Release|Any CPU
		{9B837E35-4984-43F1-887F-565CD9AC9FE5}.Debug|Any CPU.ActiveCfg = Debug|Any CPU
		{9B837E35-4984-43F1-887F-565CD9AC9FE5}.Debug|Any CPU.Build.0 = Debug|Any CPU
		{9B837E35-4984-43F1-887F-565CD9AC9FE5}.Release|Any CPU.ActiveCfg = Release|Any CPU
		{9B837E35-4984-43F1-887F-565CD9AC9FE5}.Release|Any CPU.Build.0 = Release|Any CPU
	EndGlobalSection
	GlobalSection(SolutionProperties) = preSolution
		HideSolutionNode = FALSE
	EndGlobalSection
EndGlobal
